
Microsoft Visual Studio Solution File, Format Version 12.00
# Visual Studio Version 16
VisualStudioVersion = 16.0.30128.74
MinimumVisualStudioVersion = 10.0.40219.1
Project("{FAE04EC0-301F-11D3-BF4B-00C04F79EFBC}") = "My MVC Application", "My MVC Application\My MVC Application.csproj", "{DEE3886F-839A-4843-B30F-DD3E8DBAC0EB}"
EndProject
Global
	GlobalSection(SolutionConfigurationPlatforms) = preSolution
		Debug|Any CPU = Debug|Any CPU
		Release|Any CPU = Release|Any CPU
	EndGlobalSection
	GlobalSection(ProjectConfigurationPlatforms) = postSolution
		{DEE3886F-839A-4843-B30F-DD3E8DBAC0EB}.Debug|Any CPU.ActiveCfg = Debug|Any CPU
		{DEE3886F-839A-4843-B30F-DD3E8DBAC0EB}.Debug|Any CPU.Build.0 = Debug|Any CPU
		{DEE3886F-839A-4843-B30F-DD3E8DBAC0EB}.Release|Any CPU.ActiveCfg = Release|Any CPU
		{DEE3886F-839A-4843-B30F-DD3E8DBAC0EB}.Release|Any CPU.Build.0 = Release|Any CPU
	EndGlobalSection
	GlobalSection(SolutionProperties) = preSolution
		HideSolutionNode = FALSE
	EndGlobalSection
	GlobalSection(ExtensibilityGlobals) = postSolution
		SolutionGuid = {CD303120-3BB7-4F9F-856A-BD0DCE44B9C0}
	EndGlobalSection
EndGlobal
